// !$*UTF8*$!
{
	archiveVersion = 1;
	classes = {
	};
	objectVersion = 52;
	objects = {

/* Begin PBXBuildFile section */
		A437BA4A262E79220052B43F /* FavoriteNewsList.swift in Sources */ = {isa = PBXBuildFile; fileRef = A437BA49262E79220052B43F /* FavoriteNewsList.swift */; };
		A437BA4D262E79490052B43F /* FavoriteNewsDetail.swift in Sources */ = {isa = PBXBuildFile; fileRef = A437BA4C262E79490052B43F /* FavoriteNewsDetail.swift */; };
		A437BA5A262E7A810052B43F /* FavoriteNews+CoreDataClass.swift in Sources */ = {isa = PBXBuildFile; fileRef = A437BA58262E7A810052B43F /* FavoriteNews+CoreDataClass.swift */; };
		A437BA5B262E7A810052B43F /* FavoriteNews+CoreDataProperties.swift in Sources */ = {isa = PBXBuildFile; fileRef = A437BA59262E7A810052B43F /* FavoriteNews+CoreDataProperties.swift */; };
		A45C32F42627D11400FE4E46 /* AppDelegate.swift in Sources */ = {isa = PBXBuildFile; fileRef = A45C32F32627D11400FE4E46 /* AppDelegate.swift */; };
		A45C32F62627D11400FE4E46 /* SceneDelegate.swift in Sources */ = {isa = PBXBuildFile; fileRef = A45C32F52627D11400FE4E46 /* SceneDelegate.swift */; };
		A45C32F82627D11400FE4E46 /* ContentView.swift in Sources */ = {isa = PBXBuildFile; fileRef = A45C32F72627D11400FE4E46 /* ContentView.swift */; };
		A45C32FB2627D11400FE4E46 /* NewsAPI.xcdatamodeld in Sources */ = {isa = PBXBuildFile; fileRef = A45C32F92627D11400FE4E46 /* NewsAPI.xcdatamodeld */; };
		A45C32FD2627D11500FE4E46 /* Assets.xcassets in Resources */ = {isa = PBXBuildFile; fileRef = A45C32FC2627D11500FE4E46 /* Assets.xcassets */; };
		A45C33002627D11500FE4E46 /* Preview Assets.xcassets in Resources */ = {isa = PBXBuildFile; fileRef = A45C32FF2627D11500FE4E46 /* Preview Assets.xcassets */; };
		A45C33032627D11500FE4E46 /* LaunchScreen.storyboard in Resources */ = {isa = PBXBuildFile; fileRef = A45C33012627D11500FE4E46 /* LaunchScreen.storyboard */; };
		A45C330F2627D49C00FE4E46 /* NewsList.swift in Sources */ = {isa = PBXBuildFile; fileRef = A45C330E2627D49C00FE4E46 /* NewsList.swift */; };
		A45C33122627D4A800FE4E46 /* NewsDetail.swift in Sources */ = {isa = PBXBuildFile; fileRef = A45C33112627D4A800FE4E46 /* NewsDetail.swift */; };
		A45C33152627D4B500FE4E46 /* Profile.swift in Sources */ = {isa = PBXBuildFile; fileRef = A45C33142627D4B500FE4E46 /* Profile.swift */; };
		A45C33192627D4DD00FE4E46 /* News.swift in Sources */ = {isa = PBXBuildFile; fileRef = A45C33182627D4DD00FE4E46 /* News.swift */; };
		A45C331E2627D50600FE4E46 /* NewsViewModel.swift in Sources */ = {isa = PBXBuildFile; fileRef = A45C331D2627D50600FE4E46 /* NewsViewModel.swift */; };
		A46E660C26311A470069DA1F /* SearchViewModel.swift in Sources */ = {isa = PBXBuildFile; fileRef = A46E660B26311A470069DA1F /* SearchViewModel.swift */; };
		A46E661026311A750069DA1F /* SearchList.swift in Sources */ = {isa = PBXBuildFile; fileRef = A46E660F26311A750069DA1F /* SearchList.swift */; };
		A4C611082629154C00A882A3 /* SDWebImageSwiftUI in Frameworks */ = {isa = PBXBuildFile; productRef = A4C611072629154C00A882A3 /* SDWebImageSwiftUI */; };
		A4C6110C262916AC00A882A3 /* SwiftyJSON in Frameworks */ = {isa = PBXBuildFile; productRef = A4C6110B262916AC00A882A3 /* SwiftyJSON */; };
/* End PBXBuildFile section */

/* Begin PBXFileReference section */
		A437BA49262E79220052B43F /* FavoriteNewsList.swift */ = {isa = PBXFileReference; lastKnownFileType = sourcecode.swift; path = FavoriteNewsList.swift; sourceTree = "<group>"; };
		A437BA4C262E79490052B43F /* FavoriteNewsDetail.swift */ = {isa = PBXFileReference; lastKnownFileType = sourcecode.swift; path = FavoriteNewsDetail.swift; sourceTree = "<group>"; };
		A437BA58262E7A810052B43F /* FavoriteNews+CoreDataClass.swift */ = {isa = PBXFileReference; lastKnownFileType = sourcecode.swift; path = "FavoriteNews+CoreDataClass.swift"; sourceTree = SOURCE_ROOT; };
		A437BA59262E7A810052B43F /* FavoriteNews+CoreDataProperties.swift */ = {isa = PBXFileReference; lastKnownFileType = sourcecode.swift; path = "FavoriteNews+CoreDataProperties.swift"; sourceTree = SOURCE_ROOT; };
		A45C32F02627D11400FE4E46 /* NewsAPI.app */ = {isa = PBXFileReference; explicitFileType = wrapper.application; includeInIndex = 0; path = NewsAPI.app; sourceTree = BUILT_PRODUCTS_DIR; };
		A45C32F32627D11400FE4E46 /* AppDelegate.swift */ = {isa = PBXFileReference; lastKnownFileType = sourcecode.swift; path = AppDelegate.swift; sourceTree = "<group>"; };
		A45C32F52627D11400FE4E46 /* SceneDelegate.swift */ = {isa = PBXFileReference; lastKnownFileType = sourcecode.swift; path = SceneDelegate.swift; sourceTree = "<group>"; };
		A45C32F72627D11400FE4E46 /* ContentView.swift */ = {isa = PBXFileReference; lastKnownFileType = sourcecode.swift; path = ContentView.swift; sourceTree = "<group>"; };
		A45C32FA2627D11400FE4E46 /* NewsAPI.xcdatamodel */ = {isa = PBXFileReference; lastKnownFileType = wrapper.xcdatamodel; path = NewsAPI.xcdatamodel; sourceTree = "<group>"; };
		A45C32FC2627D11500FE4E46 /* Assets.xcassets */ = {isa = PBXFileReference; lastKnownFileType = folder.assetcatalog; path = Assets.xcassets; sourceTree = "<group>"; };
		A45C32FF2627D11500FE4E46 /* Preview Assets.xcassets */ = {isa = PBXFileReference; lastKnownFileType = folder.assetcatalog; path = "Preview Assets.xcassets"; sourceTree = "<group>"; };
		A45C33022627D11500FE4E46 /* Base */ = {isa = PBXFileReference; lastKnownFileType = file.storyboard; name = Base; path = Base.lproj/LaunchScreen.storyboard; sourceTree = "<group>"; };
		A45C33042627D11500FE4E46 /* Info.plist */ = {isa = PBXFileReference; lastKnownFileType = text.plist.xml; path = Info.plist; sourceTree = "<group>"; };
		A45C330E2627D49C00FE4E46 /* NewsList.swift */ = {isa = PBXFileReference; lastKnownFileType = sourcecode.swift; path = NewsList.swift; sourceTree = "<group>"; };
		A45C33112627D4A800FE4E46 /* NewsDetail.swift */ = {isa = PBXFileReference; lastKnownFileType = sourcecode.swift; path = NewsDetail.swift; sourceTree = "<group>"; };
		A45C33142627D4B500FE4E46 /* Profile.swift */ = {isa = PBXFileReference; lastKnownFileType = sourcecode.swift; path = Profile.swift; sourceTree = "<group>"; };
		A45C33182627D4DD00FE4E46 /* News.swift */ = {isa = PBXFileReference; lastKnownFileType = sourcecode.swift; path = News.swift; sourceTree = "<group>"; };
		A45C331D2627D50600FE4E46 /* NewsViewModel.swift */ = {isa = PBXFileReference; lastKnownFileType = sourcecode.swift; path = NewsViewModel.swift; sourceTree = "<group>"; };
		A46E660B26311A470069DA1F /* SearchViewModel.swift */ = {isa = PBXFileReference; lastKnownFileType = sourcecode.swift; path = SearchViewModel.swift; sourceTree = "<group>"; };
		A46E660F26311A750069DA1F /* SearchList.swift */ = {isa = PBXFileReference; lastKnownFileType = sourcecode.swift; path = SearchList.swift; sourceTree = "<group>"; };
/* End PBXFileReference section */

/* Begin PBXFrameworksBuildPhase section */
		A45C32ED2627D11400FE4E46 /* Frameworks */ = {
			isa = PBXFrameworksBuildPhase;
			buildActionMask = 2147483647;
			files = (
				A4C6110C262916AC00A882A3 /* SwiftyJSON in Frameworks */,
				A4C611082629154C00A882A3 /* SDWebImageSwiftUI in Frameworks */,
			);
			runOnlyForDeploymentPostprocessing = 0;
		};
/* End PBXFrameworksBuildPhase section */

/* Begin PBXGroup section */
		A437BA46262E78870052B43F /* Profile */ = {
			isa = PBXGroup;
			children = (
				A45C33142627D4B500FE4E46 /* Profile.swift */,
			);
			path = Profile;
			sourceTree = "<group>";
		};
		A437BA47262E789E0052B43F /* Home */ = {
			isa = PBXGroup;
			children = (
				A45C330E2627D49C00FE4E46 /* NewsList.swift */,
				A45C33112627D4A800FE4E46 /* NewsDetail.swift */,
			);
			path = Home;
			sourceTree = "<group>";
		};
		A437BA48262E78E10052B43F /* Favorite */ = {
			isa = PBXGroup;
			children = (
				A437BA49262E79220052B43F /* FavoriteNewsList.swift */,
				A437BA4C262E79490052B43F /* FavoriteNewsDetail.swift */,
			);
			path = Favorite;
			sourceTree = "<group>";
		};
		A437BA50262E7A490052B43F /* CoreData */ = {
			isa = PBXGroup;
			children = (
				A437BA58262E7A810052B43F /* FavoriteNews+CoreDataClass.swift */,
				A437BA59262E7A810052B43F /* FavoriteNews+CoreDataProperties.swift */,
				A45C32F92627D11400FE4E46 /* NewsAPI.xcdatamodeld */,
			);
			path = CoreData;
			sourceTree = "<group>";
		};
		A45C32E72627D11400FE4E46 = {
			isa = PBXGroup;
			children = (
				A45C32F22627D11400FE4E46 /* NewsAPI */,
				A45C32F12627D11400FE4E46 /* Products */,
			);
			sourceTree = "<group>";
		};
		A45C32F12627D11400FE4E46 /* Products */ = {
			isa = PBXGroup;
			children = (
				A45C32F02627D11400FE4E46 /* NewsAPI.app */,
			);
			name = Products;
			sourceTree = "<group>";
		};
		A45C32F22627D11400FE4E46 /* NewsAPI */ = {
			isa = PBXGroup;
			children = (
				A45C330B2627D13500FE4E46 /* Base */,
				A437BA50262E7A490052B43F /* CoreData */,
				A45C33172627D4BB00FE4E46 /* Model */,
				A45C331C2627D4E200FE4E46 /* ViewModel */,
				A45C330C2627D14000FE4E46 /* View */,
				A45C32FC2627D11500FE4E46 /* Assets.xcassets */,
				A45C33012627D11500FE4E46 /* LaunchScreen.storyboard */,
				A45C33042627D11500FE4E46 /* Info.plist */,
				A45C32FE2627D11500FE4E46 /* Preview Content */,
			);
			path = NewsAPI;
			sourceTree = "<group>";
		};
		A45C32FE2627D11500FE4E46 /* Preview Content */ = {
			isa = PBXGroup;
			children = (
				A45C32FF2627D11500FE4E46 /* Preview Assets.xcassets */,
			);
			path = "Preview Content";
			sourceTree = "<group>";
		};
		A45C330B2627D13500FE4E46 /* Base */ = {
			isa = PBXGroup;
			children = (
				A45C32F32627D11400FE4E46 /* AppDelegate.swift */,
				A45C32F52627D11400FE4E46 /* SceneDelegate.swift */,
			);
			path = Base;
			sourceTree = "<group>";
		};
		A45C330C2627D14000FE4E46 /* View */ = {
			isa = PBXGroup;
			children = (
				A45C32F72627D11400FE4E46 /* ContentView.swift */,
				A46E660E26311A530069DA1F /* Search */,
				A437BA47262E789E0052B43F /* Home */,
				A437BA46262E78870052B43F /* Profile */,
				A437BA48262E78E10052B43F /* Favorite */,
			);
			path = View;
			sourceTree = "<group>";
		};
		A45C33172627D4BB00FE4E46 /* Model */ = {
			isa = PBXGroup;
			children = (
				A45C33182627D4DD00FE4E46 /* News.swift */,
			);
			path = Model;
			sourceTree = "<group>";
		};
		A45C331C2627D4E200FE4E46 /* ViewModel */ = {
			isa = PBXGroup;
			children = (
				A45C331D2627D50600FE4E46 /* NewsViewModel.swift */,
				A46E660B26311A470069DA1F /* SearchViewModel.swift */,
			);
			path = ViewModel;
			sourceTree = "<group>";
		};
		A46E660E26311A530069DA1F /* Search */ = {
			isa = PBXGroup;
			children = (
				A46E660F26311A750069DA1F /* SearchList.swift */,
			);
			path = Search;
			sourceTree = "<group>";
		};
/* End PBXGroup section */

/* Begin PBXNativeTarget section */
		A45C32EF2627D11400FE4E46 /* NewsAPI */ = {
			isa = PBXNativeTarget;
			buildConfigurationList = A45C33072627D11500FE4E46 /* Build configuration list for PBXNativeTarget "NewsAPI" */;
			buildPhases = (
				A45C32EC2627D11400FE4E46 /* Sources */,
				A45C32ED2627D11400FE4E46 /* Frameworks */,
				A45C32EE2627D11400FE4E46 /* Resources */,
			);
			buildRules = (
			);
			dependencies = (
			);
			name = NewsAPI;
			packageProductDependencies = (
				A4C611072629154C00A882A3 /* SDWebImageSwiftUI */,
				A4C6110B262916AC00A882A3 /* SwiftyJSON */,
			);
			productName = NewsAPI;
			productReference = A45C32F02627D11400FE4E46 /* NewsAPI.app */;
			productType = "com.apple.product-type.application";
		};
/* End PBXNativeTarget section */

/* Begin PBXProject section */
		A45C32E82627D11400FE4E46 /* Project object */ = {
			isa = PBXProject;
			attributes = {
				LastSwiftUpdateCheck = 1240;
				LastUpgradeCheck = 1240;
				TargetAttributes = {
					A45C32EF2627D11400FE4E46 = {
						CreatedOnToolsVersion = 12.4;
					};
				};
			};
			buildConfigurationList = A45C32EB2627D11400FE4E46 /* Build configuration list for PBXProject "NewsAPI" */;
			compatibilityVersion = "Xcode 9.3";
			developmentRegion = en;
			hasScannedForEncodings = 0;
			knownRegions = (
				en,
				Base,
			);
			mainGroup = A45C32E72627D11400FE4E46;
			packageReferences = (
				A4C611062629154C00A882A3 /* XCRemoteSwiftPackageReference "SDWebImageSwiftUI" */,
				A4C6110A262916AC00A882A3 /* XCRemoteSwiftPackageReference "SwiftyJSON" */,
			);
			productRefGroup = A45C32F12627D11400FE4E46 /* Products */;
			projectDirPath = "";
			projectRoot = "";
			targets = (
				A45C32EF2627D11400FE4E46 /* NewsAPI */,
			);
		};
/* End PBXProject section */

/* Begin PBXResourcesBuildPhase section */
		A45C32EE2627D11400FE4E46 /* Resources */ = {
			isa = PBXResourcesBuildPhase;
			buildActionMask = 2147483647;
			files = (
				A45C33032627D11500FE4E46 /* LaunchScreen.storyboard in Resources */,
				A45C33002627D11500FE4E46 /* Preview Assets.xcassets in Resources */,
				A45C32FD2627D11500FE4E46 /* Assets.xcassets in Resources */,
			);
			runOnlyForDeploymentPostprocessing = 0;
		};
/* End PBXResourcesBuildPhase section */

/* Begin PBXSourcesBuildPhase section */
		A45C32EC2627D11400FE4E46 /* Sources */ = {
			isa = PBXSourcesBuildPhase;
			buildActionMask = 2147483647;
			files = (
				A437BA5B262E7A810052B43F /* FavoriteNews+CoreDataProperties.swift in Sources */,
				A437BA5A262E7A810052B43F /* FavoriteNews+CoreDataClass.swift in Sources */,
				A45C32F42627D11400FE4E46 /* AppDelegate.swift in Sources */,
				A45C331E2627D50600FE4E46 /* NewsViewModel.swift in Sources */,
				A45C330F2627D49C00FE4E46 /* NewsList.swift in Sources */,
				A45C33192627D4DD00FE4E46 /* News.swift in Sources */,
				A45C32F62627D11400FE4E46 /* SceneDelegate.swift in Sources */,
				A45C33152627D4B500FE4E46 /* Profile.swift in Sources */,
				A46E661026311A750069DA1F /* SearchList.swift in Sources */,
				A46E660C26311A470069DA1F /* SearchViewModel.swift in Sources */,
				A437BA4A262E79220052B43F /* FavoriteNewsList.swift in Sources */,
				A45C32F82627D11400FE4E46 /* ContentView.swift in Sources */,
				A45C32FB2627D11400FE4E46 /* NewsAPI.xcdatamodeld in Sources */,
				A437BA4D262E79490052B43F /* FavoriteNewsDetail.swift in Sources */,
				A45C33122627D4A800FE4E46 /* NewsDetail.swift in Sources */,
			);
			runOnlyForDeploymentPostprocessing = 0;
		};
/* End PBXSourcesBuildPhase section */

/* Begin PBXVariantGroup section */
		A45C33012627D11500FE4E46 /* LaunchScreen.storyboard */ = {
			isa = PBXVariantGroup;
			children = (
				A45C33022627D11500FE4E46 /* Base */,
			);
			name = LaunchScreen.storyboard;
			sourceTree = "<group>";
		};
/* End PBXVariantGroup section */

/* Begin XCBuildConfiguration section */
		A45C33052627D11500FE4E46 /* Debug */ = {
			isa = XCBuildConfiguration;
			buildSettings = {
				ALWAYS_SEARCH_USER_PATHS = NO;
				CLANG_ANALYZER_NONNULL = YES;
				CLANG_ANALYZER_NUMBER_OBJECT_CONVERSION = YES_AGGRESSIVE;
				CLANG_CXX_LANGUAGE_STANDARD = "gnu++14";
				CLANG_CXX_LIBRARY = "libc++";
				CLANG_ENABLE_MODULES = YES;
				CLANG_ENABLE_OBJC_ARC = YES;
				CLANG_ENABLE_OBJC_WEAK = YES;
				CLANG_WARN_BLOCK_CAPTURE_AUTORELEASING = YES;
				CLANG_WARN_BOOL_CONVERSION = YES;
				CLANG_WARN_COMMA = YES;
				CLANG_WARN_CONSTANT_CONVERSION = YES;
				CLANG_WARN_DEPRECATED_OBJC_IMPLEMENTATIONS = YES;
				CLANG_WARN_DIRECT_OBJC_ISA_USAGE = YES_ERROR;
				CLANG_WARN_DOCUMENTATION_COMMENTS = YES;
				CLANG_WARN_EMPTY_BODY = YES;
				CLANG_WARN_ENUM_CONVERSION = YES;
				CLANG_WARN_INFINITE_RECURSION = YES;
				CLANG_WARN_INT_CONVERSION = YES;
				CLANG_WARN_NON_LITERAL_NULL_CONVERSION = YES;
				CLANG_WARN_OBJC_IMPLICIT_RETAIN_SELF = YES;
				CLANG_WARN_OBJC_LITERAL_CONVERSION = YES;
				CLANG_WARN_OBJC_ROOT_CLASS = YES_ERROR;
				CLANG_WARN_QUOTED_INCLUDE_IN_FRAMEWORK_HEADER = YES;
				CLANG_WARN_RANGE_LOOP_ANALYSIS = YES;
				CLANG_WARN_STRICT_PROTOTYPES = YES;
				CLANG_WARN_SUSPICIOUS_MOVE = YES;
				CLANG_WARN_UNGUARDED_AVAILABILITY = YES_AGGRESSIVE;
				CLANG_WARN_UNREACHABLE_CODE = YES;
				CLANG_WARN__DUPLICATE_METHOD_MATCH = YES;
				COPY_PHASE_STRIP = NO;
				DEBUG_INFORMATION_FORMAT = dwarf;
				ENABLE_STRICT_OBJC_MSGSEND = YES;
				ENABLE_TESTABILITY = YES;
				GCC_C_LANGUAGE_STANDARD = gnu11;
				GCC_DYNAMIC_NO_PIC = NO;
				GCC_NO_COMMON_BLOCKS = YES;
				GCC_OPTIMIZATION_LEVEL = 0;
				GCC_PREPROCESSOR_DEFINITIONS = (
					"DEBUG=1",
					"$(inherited)",
				);
				GCC_WARN_64_TO_32_BIT_CONVERSION = YES;
				GCC_WARN_ABOUT_RETURN_TYPE = YES_ERROR;
				GCC_WARN_UNDECLARED_SELECTOR = YES;
				GCC_WARN_UNINITIALIZED_AUTOS = YES_AGGRESSIVE;
				GCC_WARN_UNUSED_FUNCTION = YES;
				GCC_WARN_UNUSED_VARIABLE = YES;
				IPHONEOS_DEPLOYMENT_TARGET = 14.4;
				MTL_ENABLE_DEBUG_INFO = INCLUDE_SOURCE;
				MTL_FAST_MATH = YES;
				ONLY_ACTIVE_ARCH = YES;
				SDKROOT = iphoneos;
				SWIFT_ACTIVE_COMPILATION_CONDITIONS = DEBUG;
				SWIFT_OPTIMIZATION_LEVEL = "-Onone";
			};
			name = Debug;
		};
		A45C33062627D11500FE4E46 /* Release */ = {
			isa = XCBuildConfiguration;
			buildSettings = {
				ALWAYS_SEARCH_USER_PATHS = NO;
				CLANG_ANALYZER_NONNULL = YES;
				CLANG_ANALYZER_NUMBER_OBJECT_CONVERSION = YES_AGGRESSIVE;
				CLANG_CXX_LANGUAGE_STANDARD = "gnu++14";
				CLANG_CXX_LIBRARY = "libc++";
				CLANG_ENABLE_MODULES = YES;
				CLANG_ENABLE_OBJC_ARC = YES;
				CLANG_ENABLE_OBJC_WEAK = YES;
				CLANG_WARN_BLOCK_CAPTURE_AUTORELEASING = YES;
				CLANG_WARN_BOOL_CONVERSION = YES;
				CLANG_WARN_COMMA = YES;
				CLANG_WARN_CONSTANT_CONVERSION = YES;
				CLANG_WARN_DEPRECATED_OBJC_IMPLEMENTATIONS = YES;
				CLANG_WARN_DIRECT_OBJC_ISA_USAGE = YES_ERROR;
				CLANG_WARN_DOCUMENTATION_COMMENTS = YES;
				CLANG_WARN_EMPTY_BODY = YES;
				CLANG_WARN_ENUM_CONVERSION = YES;
				CLANG_WARN_INFINITE_RECURSION = YES;
				CLANG_WARN_INT_CONVERSION = YES;
				CLANG_WARN_NON_LITERAL_NULL_CONVERSION = YES;
				CLANG_WARN_OBJC_IMPLICIT_RETAIN_SELF = YES;
				CLANG_WARN_OBJC_LITERAL_CONVERSION = YES;
				CLANG_WARN_OBJC_ROOT_CLASS = YES_ERROR;
				CLANG_WARN_QUOTED_INCLUDE_IN_FRAMEWORK_HEADER = YES;
				CLANG_WARN_RANGE_LOOP_ANALYSIS = YES;
				CLANG_WARN_STRICT_PROTOTYPES = YES;
				CLANG_WARN_SUSPICIOUS_MOVE = YES;
				CLANG_WARN_UNGUARDED_AVAILABILITY = YES_AGGRESSIVE;
				CLANG_WARN_UNREACHABLE_CODE = YES;
				CLANG_WARN__DUPLICATE_METHOD_MATCH = YES;
				COPY_PHASE_STRIP = NO;
				DEBUG_INFORMATION_FORMAT = "dwarf-with-dsym";
				ENABLE_NS_ASSERTIONS = NO;
				ENABLE_STRICT_OBJC_MSGSEND = YES;
				GCC_C_LANGUAGE_STANDARD = gnu11;
				GCC_NO_COMMON_BLOCKS = YES;
				GCC_WARN_64_TO_32_BIT_CONVERSION = YES;
				GCC_WARN_ABOUT_RETURN_TYPE = YES_ERROR;
				GCC_WARN_UNDECLARED_SELECTOR = YES;
				GCC_WARN_UNINITIALIZED_AUTOS = YES_AGGRESSIVE;
				GCC_WARN_UNUSED_FUNCTION = YES;
				GCC_WARN_UNUSED_VARIABLE = YES;
				IPHONEOS_DEPLOYMENT_TARGET = 14.4;
				MTL_ENABLE_DEBUG_INFO = NO;
				MTL_FAST_MATH = YES;
				SDKROOT = iphoneos;
				SWIFT_COMPILATION_MODE = wholemodule;
				SWIFT_OPTIMIZATION_LEVEL = "-O";
				VALIDATE_PRODUCT = YES;
			};
			name = Release;
		};
		A45C33082627D11500FE4E46 /* Debug */ = {
			isa = XCBuildConfiguration;
			buildSettings = {
				ASSETCATALOG_COMPILER_APPICON_NAME = AppIcon;
				ASSETCATALOG_COMPILER_GLOBAL_ACCENT_COLOR_NAME = AccentColor;
				CODE_SIGN_STYLE = Automatic;
				DEVELOPMENT_ASSET_PATHS = "\"NewsAPI/Preview Content\"";
				DEVELOPMENT_TEAM = N9L2BN72PN;
				ENABLE_PREVIEWS = YES;
				INFOPLIST_FILE = NewsAPI/Info.plist;
				LD_RUNPATH_SEARCH_PATHS = (
					"$(inherited)",
					"@executable_path/Frameworks",
				);
				PRODUCT_BUNDLE_IDENTIFIER = GROWDEV.NewsAPI;
				PRODUCT_NAME = "$(TARGET_NAME)";
				SWIFT_VERSION = 5.0;
				TARGETED_DEVICE_FAMILY = "1,2";
			};
			name = Debug;
		};
		A45C33092627D11500FE4E46 /* Release */ = {
			isa = XCBuildConfiguration;
			buildSettings = {
				ASSETCATALOG_COMPILER_APPICON_NAME = AppIcon;
				ASSETCATALOG_COMPILER_GLOBAL_ACCENT_COLOR_NAME = AccentColor;
				CODE_SIGN_STYLE = Automatic;
				DEVELOPMENT_ASSET_PATHS = "\"NewsAPI/Preview Content\"";
				DEVELOPMENT_TEAM = N9L2BN72PN;
				ENABLE_PREVIEWS = YES;
				INFOPLIST_FILE = NewsAPI/Info.plist;
				LD_RUNPATH_SEARCH_PATHS = (
					"$(inherited)",
					"@executable_path/Frameworks",
				);
				PRODUCT_BUNDLE_IDENTIFIER = GROWDEV.NewsAPI;
				PRODUCT_NAME = "$(TARGET_NAME)";
				SWIFT_VERSION = 5.0;
				TARGETED_DEVICE_FAMILY = "1,2";
			};
			name = Release;
		};
/* End XCBuildConfiguration section */

/* Begin XCConfigurationList section */
		A45C32EB2627D11400FE4E46 /* Build configuration list for PBXProject "NewsAPI" */ = {
			isa = XCConfigurationList;
			buildConfigurations = (
				A45C33052627D11500FE4E46 /* Debug */,
				A45C33062627D11500FE4E46 /* Release */,
			);
			defaultConfigurationIsVisible = 0;
			defaultConfigurationName = Release;
		};
		A45C33072627D11500FE4E46 /* Build configuration list for PBXNativeTarget "NewsAPI" */ = {
			isa = XCConfigurationList;
			buildConfigurations = (
				A45C33082627D11500FE4E46 /* Debug */,
				A45C33092627D11500FE4E46 /* Release */,
			);
			defaultConfigurationIsVisible = 0;
			defaultConfigurationName = Release;
		};
/* End XCConfigurationList section */

/* Begin XCRemoteSwiftPackageReference section */
		A4C611062629154C00A882A3 /* XCRemoteSwiftPackageReference "SDWebImageSwiftUI" */ = {
			isa = XCRemoteSwiftPackageReference;
			repositoryURL = "https://github.com/SDWebImage/SDWebImageSwiftUI";
			requirement = {
				kind = upToNextMajorVersion;
				minimumVersion = 2.0.2;
			};
		};
		A4C6110A262916AC00A882A3 /* XCRemoteSwiftPackageReference "SwiftyJSON" */ = {
			isa = XCRemoteSwiftPackageReference;
			repositoryURL = "https://github.com/SwiftyJSON/SwiftyJSON";
			requirement = {
				kind = upToNextMajorVersion;
				minimumVersion = 5.0.1;
			};
		};
/* End XCRemoteSwiftPackageReference section */

/* Begin XCSwiftPackageProductDependency section */
		A4C611072629154C00A882A3 /* SDWebImageSwiftUI */ = {
			isa = XCSwiftPackageProductDependency;
			package = A4C611062629154C00A882A3 /* XCRemoteSwiftPackageReference "SDWebImageSwiftUI" */;
			productName = SDWebImageSwiftUI;
		};
		A4C6110B262916AC00A882A3 /* SwiftyJSON */ = {
			isa = XCSwiftPackageProductDependency;
			package = A4C6110A262916AC00A882A3 /* XCRemoteSwiftPackageReference "SwiftyJSON" */;
			productName = SwiftyJSON;
		};
/* End XCSwiftPackageProductDependency section */

/* Begin XCVersionGroup section */
		A45C32F92627D11400FE4E46 /* NewsAPI.xcdatamodeld */ = {
			isa = XCVersionGroup;
			children = (
				A45C32FA2627D11400FE4E46 /* NewsAPI.xcdatamodel */,
			);
			currentVersion = A45C32FA2627D11400FE4E46 /* NewsAPI.xcdatamodel */;
			path = NewsAPI.xcdatamodeld;
			sourceTree = "<group>";
			versionGroupType = wrapper.xcdatamodel;
		};
/* End XCVersionGroup section */
	};
	rootObject = A45C32E82627D11400FE4E46 /* Project object */;
}
